// !$*UTF8*$!
{
	archiveVersion = 1;
	classes = {
	};
	objectVersion = 46;
	objects = {

/* Begin PBXBuildFile section */
		16865B421EBCCDE700123B7C /* AppDelegate.swift in Sources */ = {isa = PBXBuildFile; fileRef = 16865B411EBCCDE700123B7C /* AppDelegate.swift */; };
		16865B441EBCCDE700123B7C /* ViewController.swift in Sources */ = {isa = PBXBuildFile; fileRef = 16865B431EBCCDE700123B7C /* ViewController.swift */; };
		16865B471EBCCDE800123B7C /* Main.storyboard in Resources */ = {isa = PBXBuildFile; fileRef = 16865B451EBCCDE700123B7C /* Main.storyboard */; };
		16865B4A1EBCCDE800123B7C /* ConfirmaConsulta.xcdatamodeld in Sources */ = {isa = PBXBuildFile; fileRef = 16865B481EBCCDE800123B7C /* ConfirmaConsulta.xcdatamodeld */; };
		16865B4C1EBCCDE800123B7C /* Assets.xcassets in Resources */ = {isa = PBXBuildFile; fileRef = 16865B4B1EBCCDE800123B7C /* Assets.xcassets */; };
		16865B4F1EBCCDE800123B7C /* LaunchScreen.storyboard in Resources */ = {isa = PBXBuildFile; fileRef = 16865B4D1EBCCDE800123B7C /* LaunchScreen.storyboard */; };
		16865B5A1EBCCDE800123B7C /* ConfirmaConsultaTests.swift in Sources */ = {isa = PBXBuildFile; fileRef = 16865B591EBCCDE800123B7C /* ConfirmaConsultaTests.swift */; };
/* End PBXBuildFile section */

/* Begin PBXContainerItemProxy section */
		16865B561EBCCDE800123B7C /* PBXContainerItemProxy */ = {
			isa = PBXContainerItemProxy;
			containerPortal = 16865B361EBCCDE700123B7C /* Project object */;
			proxyType = 1;
			remoteGlobalIDString = 16865B3D1EBCCDE700123B7C;
			remoteInfo = ConfirmaConsulta;
		};
/* End PBXContainerItemProxy section */

/* Begin PBXFileReference section */
		16865B3E1EBCCDE700123B7C /* ConfirmaConsulta.app */ = {isa = PBXFileReference; explicitFileType = wrapper.application; includeInIndex = 0; path = ConfirmaConsulta.app; sourceTree = BUILT_PRODUCTS_DIR; };
		16865B411EBCCDE700123B7C /* AppDelegate.swift */ = {isa = PBXFileReference; lastKnownFileType = sourcecode.swift; path = AppDelegate.swift; sourceTree = "<group>"; };
		16865B431EBCCDE700123B7C /* ViewController.swift */ = {isa = PBXFileReference; lastKnownFileType = sourcecode.swift; path = ViewController.swift; sourceTree = "<group>"; };
		16865B461EBCCDE800123B7C /* Base */ = {isa = PBXFileReference; lastKnownFileType = file.storyboard; name = Base; path = Base.lproj/Main.storyboard; sourceTree = "<group>"; };
		16865B491EBCCDE800123B7C /* ConfirmaConsulta.xcdatamodel */ = {isa = PBXFileReference; lastKnownFileType = wrapper.xcdatamodel; path = ConfirmaConsulta.xcdatamodel; sourceTree = "<group>"; };
		16865B4B1EBCCDE800123B7C /* Assets.xcassets */ = {isa = PBXFileReference; lastKnownFileType = folder.assetcatalog; path = Assets.xcassets; sourceTree = "<group>"; };
		16865B4E1EBCCDE800123B7C /* Base */ = {isa = PBXFileReference; lastKnownFileType = file.storyboard; name = Base; path = Base.lproj/LaunchScreen.storyboard; sourceTree = "<group>"; };
		16865B501EBCCDE800123B7C /* Info.plist */ = {isa = PBXFileReference; lastKnownFileType = text.plist.xml; path = Info.plist; sourceTree = "<group>"; };
		16865B551EBCCDE800123B7C /* ConfirmaConsultaTests.xctest */ = {isa = PBXFileReference; explicitFileType = wrapper.cfbundle; includeInIndex = 0; path = ConfirmaConsultaTests.xctest; sourceTree = BUILT_PRODUCTS_DIR; };
		16865B591EBCCDE800123B7C /* ConfirmaConsultaTests.swift */ = {isa = PBXFileReference; lastKnownFileType = sourcecode.swift; path = ConfirmaConsultaTests.swift; sourceTree = "<group>"; };
		16865B5B1EBCCDE800123B7C /* Info.plist */ = {isa = PBXFileReference; lastKnownFileType = text.plist.xml; path = Info.plist; sourceTree = "<group>"; };
/* End PBXFileReference section */

/* Begin PBXFrameworksBuildPhase section */
		16865B3B1EBCCDE700123B7C /* Frameworks */ = {
			isa = PBXFrameworksBuildPhase;
			buildActionMask = 2147483647;
			files = (
			);
			runOnlyForDeploymentPostprocessing = 0;
		};
		16865B521EBCCDE800123B7C /* Frameworks */ = {
			isa = PBXFrameworksBuildPhase;
			buildActionMask = 2147483647;
			files = (
			);
			runOnlyForDeploymentPostprocessing = 0;
		};
/* End PBXFrameworksBuildPhase section */

/* Begin PBXGroup section */
		16865B351EBCCDE700123B7C = {
			isa = PBXGroup;
			children = (
				16865B401EBCCDE700123B7C /* ConfirmaConsulta */,
				16865B581EBCCDE800123B7C /* ConfirmaConsultaTests */,
				16865B3F1EBCCDE700123B7C /* Products */,
			);
			sourceTree = "<group>";
		};
		16865B3F1EBCCDE700123B7C /* Products */ = {
			isa = PBXGroup;
			children = (
				16865B3E1EBCCDE700123B7C /* ConfirmaConsulta.app */,
				16865B551EBCCDE800123B7C /* ConfirmaConsultaTests.xctest */,
			);
			name = Products;
			sourceTree = "<group>";
		};
		16865B401EBCCDE700123B7C /* ConfirmaConsulta */ = {
			isa = PBXGroup;
			children = (
				16865B411EBCCDE700123B7C /* AppDelegate.swift */,
				16865B431EBCCDE700123B7C /* ViewController.swift */,
				16865B451EBCCDE700123B7C /* Main.storyboard */,
				16865B4B1EBCCDE800123B7C /* Assets.xcassets */,
				16865B4D1EBCCDE800123B7C /* LaunchScreen.storyboard */,
				16865B501EBCCDE800123B7C /* Info.plist */,
				16865B481EBCCDE800123B7C /* ConfirmaConsulta.xcdatamodeld */,
			);
			path = ConfirmaConsulta;
			sourceTree = "<group>";
		};
		16865B581EBCCDE800123B7C /* ConfirmaConsultaTests */ = {
			isa = PBXGroup;
			children = (
				16865B591EBCCDE800123B7C /* ConfirmaConsultaTests.swift */,
				16865B5B1EBCCDE800123B7C /* Info.plist */,
			);
			path = ConfirmaConsultaTests;
			sourceTree = "<group>";
		};
/* End PBXGroup section */

/* Begin PBXNativeTarget section */
		16865B3D1EBCCDE700123B7C /* ConfirmaConsulta */ = {
			isa = PBXNativeTarget;
			buildConfigurationList = 16865B5E1EBCCDE800123B7C /* Build configuration list for PBXNativeTarget "ConfirmaConsulta" */;
			buildPhases = (
				16865B3A1EBCCDE700123B7C /* Sources */,
				16865B3B1EBCCDE700123B7C /* Frameworks */,
				16865B3C1EBCCDE700123B7C /* Resources */,
			);
			buildRules = (
			);
			dependencies = (
			);
			name = ConfirmaConsulta;
			productName = ConfirmaConsulta;
			productReference = 16865B3E1EBCCDE700123B7C /* ConfirmaConsulta.app */;
			productType = "com.apple.product-type.application";
		};
		16865B541EBCCDE800123B7C /* ConfirmaConsultaTests */ = {
			isa = PBXNativeTarget;
			buildConfigurationList = 16865B611EBCCDE800123B7C /* Build configuration list for PBXNativeTarget "ConfirmaConsultaTests" */;
			buildPhases = (
				16865B511EBCCDE800123B7C /* Sources */,
				16865B521EBCCDE800123B7C /* Frameworks */,
				16865B531EBCCDE800123B7C /* Resources */,
			);
			buildRules = (
			);
			dependencies = (
				16865B571EBCCDE800123B7C /* PBXTargetDependency */,
			);
			name = ConfirmaConsultaTests;
			productName = ConfirmaConsultaTests;
			productReference = 16865B551EBCCDE800123B7C /* ConfirmaConsultaTests.xctest */;
			productType = "com.apple.product-type.bundle.unit-test";
		};
/* End PBXNativeTarget section */

/* Begin PBXProject section */
		16865B361EBCCDE700123B7C /* Project object */ = {
			isa = PBXProject;
			attributes = {
				LastSwiftUpdateCheck = 0830;
				LastUpgradeCheck = 0830;
				ORGANIZATIONNAME = 2Luglios;
				TargetAttributes = {
					16865B3D1EBCCDE700123B7C = {
						CreatedOnToolsVersion = 8.3.2;
						DevelopmentTeam = P5NJ75969Q;
						ProvisioningStyle = Automatic;
					};
					16865B541EBCCDE800123B7C = {
						CreatedOnToolsVersion = 8.3.2;
						DevelopmentTeam = P5NJ75969Q;
						ProvisioningStyle = Automatic;
						TestTargetID = 16865B3D1EBCCDE700123B7C;
					};
				};
			};
			buildConfigurationList = 16865B391EBCCDE700123B7C /* Build configuration list for PBXProject "ConfirmaConsulta" */;
			compatibilityVersion = "Xcode 3.2";
			developmentRegion = English;
			hasScannedForEncodings = 0;
			knownRegions = (
				en,
				Base,
			);
			mainGroup = 16865B351EBCCDE700123B7C;
			productRefGroup = 16865B3F1EBCCDE700123B7C /* Products */;
			projectDirPath = "";
			projectRoot = "";
			targets = (
				16865B3D1EBCCDE700123B7C /* ConfirmaConsulta */,
				16865B541EBCCDE800123B7C /* ConfirmaConsultaTests */,
			);
		};
/* End PBXProject section */

/* Begin PBXResourcesBuildPhase section */
		16865B3C1EBCCDE700123B7C /* Resources */ = {
			isa = PBXResourcesBuildPhase;
			buildActionMask = 2147483647;
			files = (
				16865B4F1EBCCDE800123B7C /* LaunchScreen.storyboard in Resources */,
				16865B4C1EBCCDE800123B7C /* Assets.xcassets in Resources */,
				16865B471EBCCDE800123B7C /* Main.storyboard in Resources */,
			);
			runOnlyForDeploymentPostprocessing = 0;
		};
		16865B531EBCCDE800123B7C /* Resources */ = {
			isa = PBXResourcesBuildPhase;
			buildActionMask = 2147483647;
			files = (
			);
			runOnlyForDeploymentPostprocessing = 0;
		};
/* End PBXResourcesBuildPhase section */

/* Begin PBXSourcesBuildPhase section */
		16865B3A1EBCCDE700123B7C /* Sources */ = {
			isa = PBXSourcesBuildPhase;
			buildActionMask = 2147483647;
			files = (
				16865B441EBCCDE700123B7C /* ViewController.swift in Sources */,
				16865B421EBCCDE700123B7C /* AppDelegate.swift in Sources */,
				16865B4A1EBCCDE800123B7C /* ConfirmaConsulta.xcdatamodeld in Sources */,
			);
			runOnlyForDeploymentPostprocessing = 0;
		};
		16865B511EBCCDE800123B7C /* Sources */ = {
			isa = PBXSourcesBuildPhase;
			buildActionMask = 2147483647;
			files = (
				16865B5A1EBCCDE800123B7C /* ConfirmaConsultaTests.swift in Sources */,
			);
			runOnlyForDeploymentPostprocessing = 0;
		};
/* End PBXSourcesBuildPhase section */

/* Begin PBXTargetDependency section */
		16865B571EBCCDE800123B7C /* PBXTargetDependency */ = {
			isa = PBXTargetDependency;
			target = 16865B3D1EBCCDE700123B7C /* ConfirmaConsulta */;
			targetProxy = 16865B561EBCCDE800123B7C /* PBXContainerItemProxy */;
		};
/* End PBXTargetDependency section */

/* Begin PBXVariantGroup section */
		16865B451EBCCDE700123B7C /* Main.storyboard */ = {
			isa = PBXVariantGroup;
			children = (
				16865B461EBCCDE800123B7C /* Base */,
			);
			name = Main.storyboard;
			sourceTree = "<group>";
		};
		16865B4D1EBCCDE800123B7C /* LaunchScreen.storyboard */ = {
			isa = PBXVariantGroup;
			children = (
				16865B4E1EBCCDE800123B7C /* Base */,
			);
			name = LaunchScreen.storyboard;
			sourceTree = "<group>";
		};
/* End PBXVariantGroup section */

/* Begin XCBuildConfiguration section */
		16865B5C1EBCCDE800123B7C /* Debug */ = {
			isa = XCBuildConfiguration;
			buildSettings = {
				ALWAYS_SEARCH_USER_PATHS = NO;
				CLANG_ANALYZER_NONNULL = YES;
				CLANG_ANALYZER_NUMBER_OBJECT_CONVERSION = YES_AGGRESSIVE;
				CLANG_CXX_LANGUAGE_STANDARD = "gnu++0x";
				CLANG_CXX_LIBRARY = "libc++";
				CLANG_ENABLE_MODULES = YES;
				CLANG_ENABLE_OBJC_ARC = YES;
				CLANG_WARN_BOOL_CONVERSION = YES;
				CLANG_WARN_CONSTANT_CONVERSION = YES;
				CLANG_WARN_DIRECT_OBJC_ISA_USAGE = YES_ERROR;
				CLANG_WARN_DOCUMENTATION_COMMENTS = YES;
				CLANG_WARN_EMPTY_BODY = YES;
				CLANG_WARN_ENUM_CONVERSION = YES;
				CLANG_WARN_INFINITE_RECURSION = YES;
				CLANG_WARN_INT_CONVERSION = YES;
				CLANG_WARN_OBJC_ROOT_CLASS = YES_ERROR;
				CLANG_WARN_SUSPICIOUS_MOVE = YES;
				CLANG_WARN_UNREACHABLE_CODE = YES;
				CLANG_WARN__DUPLICATE_METHOD_MATCH = YES;
				"CODE_SIGN_IDENTITY[sdk=iphoneos*]" = "iPhone Developer";
				COPY_PHASE_STRIP = NO;
				DEBUG_INFORMATION_FORMAT = dwarf;
				ENABLE_STRICT_OBJC_MSGSEND = YES;
				ENABLE_TESTABILITY = YES;
				GCC_C_LANGUAGE_STANDARD = gnu99;
				GCC_DYNAMIC_NO_PIC = NO;
				GCC_NO_COMMON_BLOCKS = YES;
				GCC_OPTIMIZATION_LEVEL = 0;
				GCC_PREPROCESSOR_DEFINITIONS = (
					"DEBUG=1",
					"$(inherited)",
				);
				GCC_WARN_64_TO_32_BIT_CONVERSION = YES;
				GCC_WARN_ABOUT_RETURN_TYPE = YES_ERROR;
				GCC_WARN_UNDECLARED_SELECTOR = YES;
				GCC_WARN_UNINITIALIZED_AUTOS = YES_AGGRESSIVE;
				GCC_WARN_UNUSED_FUNCTION = YES;
				GCC_WARN_UNUSED_VARIABLE = YES;
				IPHONEOS_DEPLOYMENT_TARGET = 10.3;
				MTL_ENABLE_DEBUG_INFO = YES;
				ONLY_ACTIVE_ARCH = YES;
				SDKROOT = iphoneos;
				SWIFT_ACTIVE_COMPILATION_CONDITIONS = DEBUG;
				SWIFT_OPTIMIZATION_LEVEL = "-Onone";
			};
			name = Debug;
		};
		16865B5D1EBCCDE800123B7C /* Release */ = {
			isa = XCBuildConfiguration;
			buildSettings = {
				ALWAYS_SEARCH_USER_PATHS = NO;
				CLANG_ANALYZER_NONNULL = YES;
				CLANG_ANALYZER_NUMBER_OBJECT_CONVERSION = YES_AGGRESSIVE;
				CLANG_CXX_LANGUAGE_STANDARD = "gnu++0x";
				CLANG_CXX_LIBRARY = "libc++";
				CLANG_ENABLE_MODULES = YES;
				CLANG_ENABLE_OBJC_ARC = YES;
				CLANG_WARN_BOOL_CONVERSION = YES;
				CLANG_WARN_CONSTANT_CONVERSION = YES;
				CLANG_WARN_DIRECT_OBJC_ISA_USAGE = YES_ERROR;
				CLANG_WARN_DOCUMENTATION_COMMENTS = YES;
				CLANG_WARN_EMPTY_BODY = YES;
				CLANG_WARN_ENUM_CONVERSION = YES;
				CLANG_WARN_INFINITE_RECURSION = YES;
				CLANG_WARN_INT_CONVERSION = YES;
				CLANG_WARN_OBJC_ROOT_CLASS = YES_ERROR;
				CLANG_WARN_SUSPICIOUS_MOVE = YES;
				CLANG_WARN_UNREACHABLE_CODE = YES;
				CLANG_WARN__DUPLICATE_METHOD_MATCH = YES;
				"CODE_SIGN_IDENTITY[sdk=iphoneos*]" = "iPhone Developer";
				COPY_PHASE_STRIP = NO;
				DEBUG_INFORMATION_FORMAT = "dwarf-with-dsym";
				ENABLE_NS_ASSERTIONS = NO;
				ENABLE_STRICT_OBJC_MSGSEND = YES;
				GCC_C_LANGUAGE_STANDARD = gnu99;
				GCC_NO_COMMON_BLOCKS = YES;
				GCC_WARN_64_TO_32_BIT_CONVERSION = YES;
				GCC_WARN_ABOUT_RETURN_TYPE = YES_ERROR;
				GCC_WARN_UNDECLARED_SELECTOR = YES;
				GCC_WARN_UNINITIALIZED_AUTOS = YES_AGGRESSIVE;
				GCC_WARN_UNUSED_FUNCTION = YES;
				GCC_WARN_UNUSED_VARIABLE = YES;
				IPHONEOS_DEPLOYMENT_TARGET = 10.3;
				MTL_ENABLE_DEBUG_INFO = NO;
				SDKROOT = iphoneos;
				SWIFT_OPTIMIZATION_LEVEL = "-Owholemodule";
				VALIDATE_PRODUCT = YES;
			};
			name = Release;
		};
		16865B5F1EBCCDE800123B7C /* Debug */ = {
			isa = XCBuildConfiguration;
			buildSettings = {
				ASSETCATALOG_COMPILER_APPICON_NAME = AppIcon;
				DEVELOPMENT_TEAM = P5NJ75969Q;
				INFOPLIST_FILE = ConfirmaConsulta/Info.plist;
				LD_RUNPATH_SEARCH_PATHS = "$(inherited) @executable_path/Frameworks";
				PRODUCT_BUNDLE_IDENTIFIER = "-luglios.com.br.ConfirmaConsulta";
				PRODUCT_NAME = "$(TARGET_NAME)";
				SWIFT_VERSION = 3.0;
			};
			name = Debug;
		};
		16865B601EBCCDE800123B7C /* Release */ = {
			isa = XCBuildConfiguration;
			buildSettings = {
				ASSETCATALOG_COMPILER_APPICON_NAME = AppIcon;
				DEVELOPMENT_TEAM = P5NJ75969Q;
				INFOPLIST_FILE = ConfirmaConsulta/Info.plist;
				LD_RUNPATH_SEARCH_PATHS = "$(inherited) @executable_path/Frameworks";
				PRODUCT_BUNDLE_IDENTIFIER = "-luglios.com.br.ConfirmaConsulta";
				PRODUCT_NAME = "$(TARGET_NAME)";
				SWIFT_VERSION = 3.0;
			};
			name = Release;
		};
		16865B621EBCCDE800123B7C /* Debug */ = {
			isa = XCBuildConfiguration;
			buildSettings = {
				ALWAYS_EMBED_SWIFT_STANDARD_LIBRARIES = YES;
				BUNDLE_LOADER = "$(TEST_HOST)";
				DEVELOPMENT_TEAM = P5NJ75969Q;
				INFOPLIST_FILE = ConfirmaConsultaTests/Info.plist;
				LD_RUNPATH_SEARCH_PATHS = "$(inherited) @executable_path/Frameworks @loader_path/Frameworks";
				PRODUCT_BUNDLE_IDENTIFIER = "-luglios.com.br.ConfirmaConsultaTests";
				PRODUCT_NAME = "$(TARGET_NAME)";
				SWIFT_VERSION = 3.0;
				TEST_HOST = "$(BUILT_PRODUCTS_DIR)/ConfirmaConsulta.app/ConfirmaConsulta";
			};
			name = Debug;
		};
		16865B631EBCCDE800123B7C /* Release */ = {
			isa = XCBuildConfiguration;
			buildSettings = {
				ALWAYS_EMBED_SWIFT_STANDARD_LIBRARIES = YES;
				BUNDLE_LOADER = "$(TEST_HOST)";
				DEVELOPMENT_TEAM = P5NJ75969Q;
				INFOPLIST_FILE = ConfirmaConsultaTests/Info.plist;
				LD_RUNPATH_SEARCH_PATHS = "$(inherited) @executable_path/Frameworks @loader_path/Frameworks";
				PRODUCT_BUNDLE_IDENTIFIER = "-luglios.com.br.ConfirmaConsultaTests";
				PRODUCT_NAME = "$(TARGET_NAME)";
				SWIFT_VERSION = 3.0;
				TEST_HOST = "$(BUILT_PRODUCTS_DIR)/ConfirmaConsulta.app/ConfirmaConsulta";
			};
			name = Release;
		};
/* End XCBuildConfiguration section */

/* Begin XCConfigurationList section */
		16865B391EBCCDE700123B7C /* Build configuration list for PBXProject "ConfirmaConsulta" */ = {
			isa = XCConfigurationList;
			buildConfigurations = (
				16865B5C1EBCCDE800123B7C /* Debug */,
				16865B5D1EBCCDE800123B7C /* Release */,
			);
			defaultConfigurationIsVisible = 0;
			defaultConfigurationName = Release;
		};
		16865B5E1EBCCDE800123B7C /* Build configuration list for PBXNativeTarget "ConfirmaConsulta" */ = {
			isa = XCConfigurationList;
			buildConfigurations = (
				16865B5F1EBCCDE800123B7C /* Debug */,
				16865B601EBCCDE800123B7C /* Release */,
			);
			defaultConfigurationIsVisible = 0;
		};
		16865B611EBCCDE800123B7C /* Build configuration list for PBXNativeTarget "ConfirmaConsultaTests" */ = {
			isa = XCConfigurationList;
			buildConfigurations = (
				16865B621EBCCDE800123B7C /* Debug */,
				16865B631EBCCDE800123B7C /* Release */,
			);
			defaultConfigurationIsVisible = 0;
		};
/* End XCConfigurationList section */

/* Begin XCVersionGroup section */
		16865B481EBCCDE800123B7C /* ConfirmaConsulta.xcdatamodeld */ = {
			isa = XCVersionGroup;
			children = (
				16865B491EBCCDE800123B7C /* ConfirmaConsulta.xcdatamodel */,
			);
			currentVersion = 16865B491EBCCDE800123B7C /* ConfirmaConsulta.xcdatamodel */;
			path = ConfirmaConsulta.xcdatamodeld;
			sourceTree = "<group>";
			versionGroupType = wrapper.xcdatamodel;
		};
/* End XCVersionGroup section */
	};
	rootObject = 16865B361EBCCDE700123B7C /* Project object */;
}
